
Microsoft Visual Studio Solution File, Format Version 12.00
# Visual Studio Version 17
VisualStudioVersion = 17.0.31903.59
MinimumVisualStudioVersion = 10.0.40219.1
Project("{FAE04EC0-301F-11D3-BF4B-00C04F79EFBC}") = "sample-project-1", "sample-project-1\sample-project-1.csproj", "{33FB09B0-05FC-42F8-B4CF-CCAFCDAC9373}"
EndProject
Project("{FAE04EC0-301F-11D3-BF4B-00C04F79EFBC}") = "sample-project-1-test", "sample-project-1-test\sample-project-1-test.csproj", "{F8036BCB-565D-46F6-B7AE-43DECBC8E552}"
EndProject
Global
	GlobalSection(SolutionConfigurationPlatforms) = preSolution
		Debug|Any CPU = Debug|Any CPU
		Release|Any CPU = Release|Any CPU
	EndGlobalSection
	GlobalSection(SolutionProperties) = preSolution
		HideSolutionNode = FALSE
	EndGlobalSection
	GlobalSection(ProjectConfigurationPlatforms) = postSolution
		{33FB09B0-05FC-42F8-B4CF-CCAFCDAC9373}.Debug|Any CPU.ActiveCfg = Debug|Any CPU
		{33FB09B0-05FC-42F8-B4CF-CCAFCDAC9373}.Debug|Any CPU.Build.0 = Debug|Any CPU
		{33FB09B0-05FC-42F8-B4CF-CCAFCDAC9373}.Release|Any CPU.ActiveCfg = Release|Any CPU
		{33FB09B0-05FC-42F8-B4CF-CCAFCDAC9373}.Release|Any CPU.Build.0 = Release|Any CPU
		{F8036BCB-565D-46F6-B7AE-43DECBC8E552}.Debug|Any CPU.ActiveCfg = Debug|Any CPU
		{F8036BCB-565D-46F6-B7AE-43DECBC8E552}.Debug|Any CPU.Build.0 = Debug|Any CPU
		{F8036BCB-565D-46F6-B7AE-43DECBC8E552}.Release|Any CPU.ActiveCfg = Release|Any CPU
		{F8036BCB-565D-46F6-B7AE-43DECBC8E552}.Release|Any CPU.Build.0 = Release|Any CPU
	EndGlobalSection
EndGlobal
